
Microsoft Visual Studio Solution File, Format Version 12.00
# Visual Studio 14
VisualStudioVersion = 14.0.23107.0
MinimumVisualStudioVersion = 10.0.40219.1
Project("{FAE04EC0-301F-11D3-BF4B-00C04F79EFBC}") = "VivendoByte.AlarmNotifier.Dispatcher", "VivendoByte.AlarmNotifier.Dispatcher\VivendoByte.AlarmNotifier.Dispatcher.csproj", "{7101D7DD-C464-4B3F-91FB-928FDFB75A7B}"
EndProject
Project("{FAE04EC0-301F-11D3-BF4B-00C04F79EFBC}") = "VivendoByte.AlarmNotifier.Client.Wpf", "VivendoByte.AlarmNotifier.Client.Wpf\VivendoByte.AlarmNotifier.Client.Wpf.csproj", "{AA89A05F-C3B0-4715-BB20-D98085A82A04}"
EndProject
Project("{FAE04EC0-301F-11D3-BF4B-00C04F79EFBC}") = "VivendoByte.AlarmNotifier.RocketDevice", "VivendoByte.AlarmNotifier.RocketDevice\VivendoByte.AlarmNotifier.RocketDevice.csproj", "{14AF04D0-8CF6-47D7-A60A-D3416B7B16B3}"
EndProject
Project("{2150E333-8FDC-42A3-9474-1A3956D46DE8}") = "Client", "Client", "{D8786AB7-AAA8-4F96-BD74-36ABFE3AE926}"
EndProject
Project("{FAE04EC0-301F-11D3-BF4B-00C04F79EFBC}") = "VivendoByte.AlarmNotifier.Client.Console", "VivendoByte.AlarmNotifier.Client.Console\VivendoByte.AlarmNotifier.Client.Console.csproj", "{99596482-4818-4BDF-A0C8-FE539CE1EE42}"
EndProject
Project("{FAE04EC0-301F-11D3-BF4B-00C04F79EFBC}") = "VivendoByte.AlarmNotifier.Client.UniversalApp", "VivendoByte.AlarmNotifier.Client.UniversalApp\VivendoByte.AlarmNotifier.Client.UniversalApp.csproj", "{E596EAD4-1680-47A4-ADBA-58B514C1DA8D}"
EndProject
Project("{FAE04EC0-301F-11D3-BF4B-00C04F79EFBC}") = "VivendoByte.AlarmNotifier.Messages", "VivendoByte.AlarmNotifier.Messages\VivendoByte.AlarmNotifier.Messages.csproj", "{F470602E-8220-41E2-9E12-05DA4720A9F4}"
EndProject
Project("{FAE04EC0-301F-11D3-BF4B-00C04F79EFBC}") = "VivendoByte.AlarmNotifier.Client.WindowsPhone", "VivendoByte.AlarmNotifier.Client.WindowsPhone\VivendoByte.AlarmNotifier.Client.WindowsPhone.csproj", "{AB28E23D-9C06-4A46-A5CB-5CD6AA750E70}"
EndProject
Project("{2150E333-8FDC-42A3-9474-1A3956D46DE8}") = "Dispatcher", "Dispatcher", "{B62AD52D-5891-4B0F-9CD7-106A9898DB65}"
EndProject
Project("{FAE04EC0-301F-11D3-BF4B-00C04F79EFBC}") = "VivendoByte.AlarmNotifier.Dispatcher.Azure", "VivendoByte.AlarmNotifier.Dispatcher.Azure\VivendoByte.AlarmNotifier.Dispatcher.Azure.csproj", "{C46938A7-B9B4-49AD-A6B5-8AADE95441D4}"
EndProject
Global
	GlobalSection(SolutionConfigurationPlatforms) = preSolution
		Debug|Any CPU = Debug|Any CPU
		Debug|ARM = Debug|ARM
		Debug|x64 = Debug|x64
		Debug|x86 = Debug|x86
		Release|Any CPU = Release|Any CPU
		Release|ARM = Release|ARM
		Release|x64 = Release|x64
		Release|x86 = Release|x86
	EndGlobalSection
	GlobalSection(ProjectConfigurationPlatforms) = postSolution
		{7101D7DD-C464-4B3F-91FB-928FDFB75A7B}.Debug|Any CPU.ActiveCfg = Debug|Any CPU
		{7101D7DD-C464-4B3F-91FB-928FDFB75A7B}.Debug|Any CPU.Build.0 = Debug|Any CPU
		{7101D7DD-C464-4B3F-91FB-928FDFB75A7B}.Debug|ARM.ActiveCfg = Debug|Any CPU
		{7101D7DD-C464-4B3F-91FB-928FDFB75A7B}.Debug|ARM.Build.0 = Debug|Any CPU
		{7101D7DD-C464-4B3F-91FB-928FDFB75A7B}.Debug|x64.ActiveCfg = Debug|Any CPU
		{7101D7DD-C464-4B3F-91FB-928FDFB75A7B}.Debug|x64.Build.0 = Debug|Any CPU
		{7101D7DD-C464-4B3F-91FB-928FDFB75A7B}.Debug|x86.ActiveCfg = Debug|Any CPU
		{7101D7DD-C464-4B3F-91FB-928FDFB75A7B}.Debug|x86.Build.0 = Debug|Any CPU
		{7101D7DD-C464-4B3F-91FB-928FDFB75A7B}.Release|Any CPU.ActiveCfg = Release|Any CPU
		{7101D7DD-C464-4B3F-91FB-928FDFB75A7B}.Release|Any CPU.Build.0 = Release|Any CPU
		{7101D7DD-C464-4B3F-91FB-928FDFB75A7B}.Release|ARM.ActiveCfg = Release|Any CPU
		{7101D7DD-C464-4B3F-91FB-928FDFB75A7B}.Release|ARM.Build.0 = Release|Any CPU
		{7101D7DD-C464-4B3F-91FB-928FDFB75A7B}.Release|x64.ActiveCfg = Release|Any CPU
		{7101D7DD-C464-4B3F-91FB-928FDFB75A7B}.Release|x64.Build.0 = Release|Any CPU
		{7101D7DD-C464-4B3F-91FB-928FDFB75A7B}.Release|x86.ActiveCfg = Release|Any CPU
		{7101D7DD-C464-4B3F-91FB-928FDFB75A7B}.Release|x86.Build.0 = Release|Any CPU
		{AA89A05F-C3B0-4715-BB20-D98085A82A04}.Debug|Any CPU.ActiveCfg = Debug|Any CPU
		{AA89A05F-C3B0-4715-BB20-D98085A82A04}.Debug|Any CPU.Build.0 = Debug|Any CPU
		{AA89A05F-C3B0-4715-BB20-D98085A82A04}.Debug|ARM.ActiveCfg = Debug|Any CPU
		{AA89A05F-C3B0-4715-BB20-D98085A82A04}.Debug|ARM.Build.0 = Debug|Any CPU
		{AA89A05F-C3B0-4715-BB20-D98085A82A04}.Debug|x64.ActiveCfg = Debug|Any CPU
		{AA89A05F-C3B0-4715-BB20-D98085A82A04}.Debug|x64.Build.0 = Debug|Any CPU
		{AA89A05F-C3B0-4715-BB20-D98085A82A04}.Debug|x86.ActiveCfg = Debug|Any CPU
		{AA89A05F-C3B0-4715-BB20-D98085A82A04}.Debug|x86.Build.0 = Debug|Any CPU
		{AA89A05F-C3B0-4715-BB20-D98085A82A04}.Release|Any CPU.ActiveCfg = Release|Any CPU
		{AA89A05F-C3B0-4715-BB20-D98085A82A04}.Release|Any CPU.Build.0 = Release|Any CPU
		{AA89A05F-C3B0-4715-BB20-D98085A82A04}.Release|ARM.ActiveCfg = Release|Any CPU
		{AA89A05F-C3B0-4715-BB20-D98085A82A04}.Release|ARM.Build.0 = Release|Any CPU
		{AA89A05F-C3B0-4715-BB20-D98085A82A04}.Release|x64.ActiveCfg = Release|Any CPU
		{AA89A05F-C3B0-4715-BB20-D98085A82A04}.Release|x64.Build.0 = Release|Any CPU
		{AA89A05F-C3B0-4715-BB20-D98085A82A04}.Release|x86.ActiveCfg = Release|Any CPU
		{AA89A05F-C3B0-4715-BB20-D98085A82A04}.Release|x86.Build.0 = Release|Any CPU
		{14AF04D0-8CF6-47D7-A60A-D3416B7B16B3}.Debug|Any CPU.ActiveCfg = Debug|Any CPU
		{14AF04D0-8CF6-47D7-A60A-D3416B7B16B3}.Debug|Any CPU.Build.0 = Debug|Any CPU
		{14AF04D0-8CF6-47D7-A60A-D3416B7B16B3}.Debug|ARM.ActiveCfg = Debug|Any CPU
		{14AF04D0-8CF6-47D7-A60A-D3416B7B16B3}.Debug|ARM.Build.0 = Debug|Any CPU
		{14AF04D0-8CF6-47D7-A60A-D3416B7B16B3}.Debug|x64.ActiveCfg = Debug|Any CPU
		{14AF04D0-8CF6-47D7-A60A-D3416B7B16B3}.Debug|x64.Build.0 = Debug|Any CPU
		{14AF04D0-8CF6-47D7-A60A-D3416B7B16B3}.Debug|x86.ActiveCfg = Debug|Any CPU
		{14AF04D0-8CF6-47D7-A60A-D3416B7B16B3}.Debug|x86.Build.0 = Debug|Any CPU
		{14AF04D0-8CF6-47D7-A60A-D3416B7B16B3}.Release|Any CPU.ActiveCfg = Release|Any CPU
		{14AF04D0-8CF6-47D7-A60A-D3416B7B16B3}.Release|Any CPU.Build.0 = Release|Any CPU
		{14AF04D0-8CF6-47D7-A60A-D3416B7B16B3}.Release|ARM.ActiveCfg = Release|Any CPU
		{14AF04D0-8CF6-47D7-A60A-D3416B7B16B3}.Release|ARM.Build.0 = Release|Any CPU
		{14AF04D0-8CF6-47D7-A60A-D3416B7B16B3}.Release|x64.ActiveCfg = Release|Any CPU
		{14AF04D0-8CF6-47D7-A60A-D3416B7B16B3}.Release|x64.Build.0 = Release|Any CPU
		{14AF04D0-8CF6-47D7-A60A-D3416B7B16B3}.Release|x86.ActiveCfg = Release|Any CPU
		{14AF04D0-8CF6-47D7-A60A-D3416B7B16B3}.Release|x86.Build.0 = Release|Any CPU
		{99596482-4818-4BDF-A0C8-FE539CE1EE42}.Debug|Any CPU.ActiveCfg = Debug|Any CPU
		{99596482-4818-4BDF-A0C8-FE539CE1EE42}.Debug|Any CPU.Build.0 = Debug|Any CPU
		{99596482-4818-4BDF-A0C8-FE539CE1EE42}.Debug|ARM.ActiveCfg = Debug|Any CPU
		{99596482-4818-4BDF-A0C8-FE539CE1EE42}.Debug|ARM.Build.0 = Debug|Any CPU
		{99596482-4818-4BDF-A0C8-FE539CE1EE42}.Debug|x64.ActiveCfg = Debug|Any CPU
		{99596482-4818-4BDF-A0C8-FE539CE1EE42}.Debug|x64.Build.0 = Debug|Any CPU
		{99596482-4818-4BDF-A0C8-FE539CE1EE42}.Debug|x86.ActiveCfg = Debug|Any CPU
		{99596482-4818-4BDF-A0C8-FE539CE1EE42}.Debug|x86.Build.0 = Debug|Any CPU
		{99596482-4818-4BDF-A0C8-FE539CE1EE42}.Release|Any CPU.ActiveCfg = Release|Any CPU
		{99596482-4818-4BDF-A0C8-FE539CE1EE42}.Release|Any CPU.Build.0 = Release|Any CPU
		{99596482-4818-4BDF-A0C8-FE539CE1EE42}.Release|ARM.ActiveCfg = Release|Any CPU
		{99596482-4818-4BDF-A0C8-FE539CE1EE42}.Release|ARM.Build.0 = Release|Any CPU
		{99596482-4818-4BDF-A0C8-FE539CE1EE42}.Release|x64.ActiveCfg = Release|Any CPU
		{99596482-4818-4BDF-A0C8-FE539CE1EE42}.Release|x64.Build.0 = Release|Any CPU
		{99596482-4818-4BDF-A0C8-FE539CE1EE42}.Release|x86.ActiveCfg = Release|Any CPU
		{99596482-4818-4BDF-A0C8-FE539CE1EE42}.Release|x86.Build.0 = Release|Any CPU
		{E596EAD4-1680-47A4-ADBA-58B514C1DA8D}.Debug|Any CPU.ActiveCfg = Debug|x86
		{E596EAD4-1680-47A4-ADBA-58B514C1DA8D}.Debug|ARM.ActiveCfg = Debug|ARM
		{E596EAD4-1680-47A4-ADBA-58B514C1DA8D}.Debug|ARM.Build.0 = Debug|ARM
		{E596EAD4-1680-47A4-ADBA-58B514C1DA8D}.Debug|ARM.Deploy.0 = Debug|ARM
		{E596EAD4-1680-47A4-ADBA-58B514C1DA8D}.Debug|x64.ActiveCfg = Debug|x64
		{E596EAD4-1680-47A4-ADBA-58B514C1DA8D}.Debug|x64.Build.0 = Debug|x64
		{E596EAD4-1680-47A4-ADBA-58B514C1DA8D}.Debug|x64.Deploy.0 = Debug|x64
		{E596EAD4-1680-47A4-ADBA-58B514C1DA8D}.Debug|x86.ActiveCfg = Debug|x86
		{E596EAD4-1680-47A4-ADBA-58B514C1DA8D}.Debug|x86.Build.0 = Debug|x86
		{E596EAD4-1680-47A4-ADBA-58B514C1DA8D}.Debug|x86.Deploy.0 = Debug|x86
		{E596EAD4-1680-47A4-ADBA-58B514C1DA8D}.Release|Any CPU.ActiveCfg = Release|x86
		{E596EAD4-1680-47A4-ADBA-58B514C1DA8D}.Release|ARM.ActiveCfg = Release|ARM
		{E596EAD4-1680-47A4-ADBA-58B514C1DA8D}.Release|ARM.Build.0 = Release|ARM
		{E596EAD4-1680-47A4-ADBA-58B514C1DA8D}.Release|ARM.Deploy.0 = Release|ARM
		{E596EAD4-1680-47A4-ADBA-58B514C1DA8D}.Release|x64.ActiveCfg = Release|x64
		{E596EAD4-1680-47A4-ADBA-58B514C1DA8D}.Release|x64.Build.0 = Release|x64
		{E596EAD4-1680-47A4-ADBA-58B514C1DA8D}.Release|x64.Deploy.0 = Release|x64
		{E596EAD4-1680-47A4-ADBA-58B514C1DA8D}.Release|x86.ActiveCfg = Release|x86
		{E596EAD4-1680-47A4-ADBA-58B514C1DA8D}.Release|x86.Build.0 = Release|x86
		{E596EAD4-1680-47A4-ADBA-58B514C1DA8D}.Release|x86.Deploy.0 = Release|x86
		{F470602E-8220-41E2-9E12-05DA4720A9F4}.Debug|Any CPU.ActiveCfg = Debug|Any CPU
		{F470602E-8220-41E2-9E12-05DA4720A9F4}.Debug|Any CPU.Build.0 = Debug|Any CPU
		{F470602E-8220-41E2-9E12-05DA4720A9F4}.Debug|ARM.ActiveCfg = Debug|Any CPU
		{F470602E-8220-41E2-9E12-05DA4720A9F4}.Debug|ARM.Build.0 = Debug|Any CPU
		{F470602E-8220-41E2-9E12-05DA4720A9F4}.Debug|x64.ActiveCfg = Debug|Any CPU
		{F470602E-8220-41E2-9E12-05DA4720A9F4}.Debug|x64.Build.0 = Debug|Any CPU
		{F470602E-8220-41E2-9E12-05DA4720A9F4}.Debug|x86.ActiveCfg = Debug|Any CPU
		{F470602E-8220-41E2-9E12-05DA4720A9F4}.Debug|x86.Build.0 = Debug|Any CPU
		{F470602E-8220-41E2-9E12-05DA4720A9F4}.Release|Any CPU.ActiveCfg = Release|Any CPU
		{F470602E-8220-41E2-9E12-05DA4720A9F4}.Release|Any CPU.Build.0 = Release|Any CPU
		{F470602E-8220-41E2-9E12-05DA4720A9F4}.Release|ARM.ActiveCfg = Release|Any CPU
		{F470602E-8220-41E2-9E12-05DA4720A9F4}.Release|ARM.Build.0 = Release|Any CPU
		{F470602E-8220-41E2-9E12-05DA4720A9F4}.Release|x64.ActiveCfg = Release|Any CPU
		{F470602E-8220-41E2-9E12-05DA4720A9F4}.Release|x64.Build.0 = Release|Any CPU
		{F470602E-8220-41E2-9E12-05DA4720A9F4}.Release|x86.ActiveCfg = Release|Any CPU
		{F470602E-8220-41E2-9E12-05DA4720A9F4}.Release|x86.Build.0 = Release|Any CPU
		{AB28E23D-9C06-4A46-A5CB-5CD6AA750E70}.Debug|Any CPU.ActiveCfg = Debug|Any CPU
		{AB28E23D-9C06-4A46-A5CB-5CD6AA750E70}.Debug|Any CPU.Build.0 = Debug|Any CPU
		{AB28E23D-9C06-4A46-A5CB-5CD6AA750E70}.Debug|Any CPU.Deploy.0 = Debug|Any CPU
		{AB28E23D-9C06-4A46-A5CB-5CD6AA750E70}.Debug|ARM.ActiveCfg = Debug|ARM
		{AB28E23D-9C06-4A46-A5CB-5CD6AA750E70}.Debug|ARM.Build.0 = Debug|ARM
		{AB28E23D-9C06-4A46-A5CB-5CD6AA750E70}.Debug|ARM.Deploy.0 = Debug|ARM
		{AB28E23D-9C06-4A46-A5CB-5CD6AA750E70}.Debug|x64.ActiveCfg = Debug|Any CPU
		{AB28E23D-9C06-4A46-A5CB-5CD6AA750E70}.Debug|x64.Build.0 = Debug|Any CPU
		{AB28E23D-9C06-4A46-A5CB-5CD6AA750E70}.Debug|x64.Deploy.0 = Debug|Any CPU
		{AB28E23D-9C06-4A46-A5CB-5CD6AA750E70}.Debug|x86.ActiveCfg = Debug|x86
		{AB28E23D-9C06-4A46-A5CB-5CD6AA750E70}.Debug|x86.Build.0 = Debug|x86
		{AB28E23D-9C06-4A46-A5CB-5CD6AA750E70}.Debug|x86.Deploy.0 = Debug|x86
		{AB28E23D-9C06-4A46-A5CB-5CD6AA750E70}.Release|Any CPU.ActiveCfg = Release|Any CPU
		{AB28E23D-9C06-4A46-A5CB-5CD6AA750E70}.Release|Any CPU.Build.0 = Release|Any CPU
		{AB28E23D-9C06-4A46-A5CB-5CD6AA750E70}.Release|Any CPU.Deploy.0 = Release|Any CPU
		{AB28E23D-9C06-4A46-A5CB-5CD6AA750E70}.Release|ARM.ActiveCfg = Release|ARM
		{AB28E23D-9C06-4A46-A5CB-5CD6AA750E70}.Release|ARM.Build.0 = Release|ARM
		{AB28E23D-9C06-4A46-A5CB-5CD6AA750E70}.Release|ARM.Deploy.0 = Release|ARM
		{AB28E23D-9C06-4A46-A5CB-5CD6AA750E70}.Release|x64.ActiveCfg = Release|Any CPU
		{AB28E23D-9C06-4A46-A5CB-5CD6AA750E70}.Release|x64.Build.0 = Release|Any CPU
		{AB28E23D-9C06-4A46-A5CB-5CD6AA750E70}.Release|x64.Deploy.0 = Release|Any CPU
		{AB28E23D-9C06-4A46-A5CB-5CD6AA750E70}.Release|x86.ActiveCfg = Release|x86
		{AB28E23D-9C06-4A46-A5CB-5CD6AA750E70}.Release|x86.Build.0 = Release|x86
		{AB28E23D-9C06-4A46-A5CB-5CD6AA750E70}.Release|x86.Deploy.0 = Release|x86
		{C46938A7-B9B4-49AD-A6B5-8AADE95441D4}.Debug|Any CPU.ActiveCfg = Debug|Any CPU
		{C46938A7-B9B4-49AD-A6B5-8AADE95441D4}.Debug|Any CPU.Build.0 = Debug|Any CPU
		{C46938A7-B9B4-49AD-A6B5-8AADE95441D4}.Debug|ARM.ActiveCfg = Debug|Any CPU
		{C46938A7-B9B4-49AD-A6B5-8AADE95441D4}.Debug|ARM.Build.0 = Debug|Any CPU
		{C46938A7-B9B4-49AD-A6B5-8AADE95441D4}.Debug|x64.ActiveCfg = Debug|Any CPU
		{C46938A7-B9B4-49AD-A6B5-8AADE95441D4}.Debug|x64.Build.0 = Debug|Any CPU
		{C46938A7-B9B4-49AD-A6B5-8AADE95441D4}.Debug|x86.ActiveCfg = Debug|Any CPU
		{C46938A7-B9B4-49AD-A6B5-8AADE95441D4}.Debug|x86.Build.0 = Debug|Any CPU
		{C46938A7-B9B4-49AD-A6B5-8AADE95441D4}.Release|Any CPU.ActiveCfg = Release|Any CPU
		{C46938A7-B9B4-49AD-A6B5-8AADE95441D4}.Release|Any CPU.Build.0 = Release|Any CPU
		{C46938A7-B9B4-49AD-A6B5-8AADE95441D4}.Release|ARM.ActiveCfg = Release|Any CPU
		{C46938A7-B9B4-49AD-A6B5-8AADE95441D4}.Release|ARM.Build.0 = Release|Any CPU
		{C46938A7-B9B4-49AD-A6B5-8AADE95441D4}.Release|x64.ActiveCfg = Release|Any CPU
		{C46938A7-B9B4-49AD-A6B5-8AADE95441D4}.Release|x64.Build.0 = Release|Any CPU
		{C46938A7-B9B4-49AD-A6B5-8AADE95441D4}.Release|x86.ActiveCfg = Release|Any CPU
		{C46938A7-B9B4-49AD-A6B5-8AADE95441D4}.Release|x86.Build.0 = Release|Any CPU
	EndGlobalSection
	GlobalSection(SolutionProperties) = preSolution
		HideSolutionNode = FALSE
	EndGlobalSection
	GlobalSection(NestedProjects) = preSolution
		{7101D7DD-C464-4B3F-91FB-928FDFB75A7B} = {B62AD52D-5891-4B0F-9CD7-106A9898DB65}
		{AA89A05F-C3B0-4715-BB20-D98085A82A04} = {D8786AB7-AAA8-4F96-BD74-36ABFE3AE926}
		{99596482-4818-4BDF-A0C8-FE539CE1EE42} = {D8786AB7-AAA8-4F96-BD74-36ABFE3AE926}
		{E596EAD4-1680-47A4-ADBA-58B514C1DA8D} = {D8786AB7-AAA8-4F96-BD74-36ABFE3AE926}
		{AB28E23D-9C06-4A46-A5CB-5CD6AA750E70} = {D8786AB7-AAA8-4F96-BD74-36ABFE3AE926}
		{C46938A7-B9B4-49AD-A6B5-8AADE95441D4} = {B62AD52D-5891-4B0F-9CD7-106A9898DB65}
	EndGlobalSection
EndGlobal
